
Microsoft Visual Studio Solution File, Format Version 12.00
# Visual Studio Version 17
VisualStudioVersion = 17.13.35931.197 d17.13
MinimumVisualStudioVersion = 10.0.40219.1
Project("{FAE04EC0-301F-11D3-BF4B-00C04F79EFBC}") = "gyankutir", "gyankutir\gyankutir.csproj", "{E244FB4C-21DC-4D8F-A136-AF7C4CE9C95D}"
EndProject
Global
	GlobalSection(SolutionConfigurationPlatforms) = preSolution
		Debug|Any CPU = Debug|Any CPU
		Release|Any CPU = Release|Any CPU
	EndGlobalSection
	GlobalSection(ProjectConfigurationPlatforms) = postSolution
		{E244FB4C-21DC-4D8F-A136-AF7C4CE9C95D}.Debug|Any CPU.ActiveCfg = Debug|Any CPU
		{E244FB4C-21DC-4D8F-A136-AF7C4CE9C95D}.Debug|Any CPU.Build.0 = Debug|Any CPU
		{E244FB4C-21DC-4D8F-A136-AF7C4CE9C95D}.Release|Any CPU.ActiveCfg = Release|Any CPU
		{E244FB4C-21DC-4D8F-A136-AF7C4CE9C95D}.Release|Any CPU.Build.0 = Release|Any CPU
	EndGlobalSection
	GlobalSection(SolutionProperties) = preSolution
		HideSolutionNode = FALSE
	EndGlobalSection
	GlobalSection(ExtensibilityGlobals) = postSolution
		SolutionGuid = {53162B7C-50CC-46DB-9CF2-7978116716D0}
	EndGlobalSection
EndGlobal
